{
  "name": "dynamic-forms",
  "version": "0.0.1",
  "lockfileVersion": 1,
  "requires": true,
  "dependencies": {
    "custom-exp": {
      "version": "1.1.5",
      "resolved": "https://registry.npmjs.org/custom-exp/-/custom-exp-1.1.5.tgz",
      "integrity": "sha512-R64x7ln1rJ0w0ULE8vQF8jR3wY6CcMcnaXppOyBYoyhVjv/eZhyv5hNKOBGw5E8Y1qBkX0YMjVAsmqqE4NJ1Aw=="
    }
  }
}
